
Microsoft Visual Studio Solution File, Format Version 12.00
# Visual Studio Version 17
VisualStudioVersion = 17.14.36623.8 d17.14
MinimumVisualStudioVersion = 10.0.40219.1
Project("{FAE04EC0-301F-11D3-BF4B-00C04F79EFBC}") = "Nöjesparken", "Nöjesparken\Nöjesparken.csproj", "{96E6678F-ACBE-4D56-B1AC-1DEF91EC2502}"
EndProject
Global
	GlobalSection(SolutionConfigurationPlatforms) = preSolution
		Debug|Any CPU = Debug|Any CPU
		Release|Any CPU = Release|Any CPU
	EndGlobalSection
	GlobalSection(ProjectConfigurationPlatforms) = postSolution
		{96E6678F-ACBE-4D56-B1AC-1DEF91EC2502}.Debug|Any CPU.ActiveCfg = Debug|Any CPU
		{96E6678F-ACBE-4D56-B1AC-1DEF91EC2502}.Debug|Any CPU.Build.0 = Debug|Any CPU
		{96E6678F-ACBE-4D56-B1AC-1DEF91EC2502}.Release|Any CPU.ActiveCfg = Release|Any CPU
		{96E6678F-ACBE-4D56-B1AC-1DEF91EC2502}.Release|Any CPU.Build.0 = Release|Any CPU
	EndGlobalSection
	GlobalSection(SolutionProperties) = preSolution
		HideSolutionNode = FALSE
	EndGlobalSection
	GlobalSection(ExtensibilityGlobals) = postSolution
		SolutionGuid = {05C9784C-DC4E-4A06-8E1E-0C22844F0365}
	EndGlobalSection
EndGlobal
